
//___________________________________________
//para la clave

int intentos = 3;
int clave;
int clave2;
clave2 = 1234;
int contador = 0;
//_____________________________________
//para los datos

int cedula = 0;
string nomape = "";
int edad = 0;

//____________________________________________________
//para los productos 
string producto;
int opcion1,dato;
int Dato;
int cantidad;
//____________________________________________
//total a pagar
int precio = 0;
float ivacom = 20;
float totalfood = 0;
//__________________________________________
int respu;

//_________________________________________

do {

    Console.Write("Introduzca su clave numérica: ");
    clave = Convert.ToInt32(Console.ReadLine());


    if (clave == 1234)
    {


        Console.WriteLine("Clave válida!");


        Console.WriteLine("Por favor ingresar sus datos personales");
        persona objet = new persona();
        objet.Nomape = nomape;
        Console.WriteLine("Ingresar Nombre y Apellido");
        nomape = Console.ReadLine();


        Console.WriteLine("Ingresar cedula");
        objet.Cedula = cedula;
        cedula = Convert.ToInt32(Console.ReadLine());

        Console.WriteLine("Ingresar edad");
        objet.Edad = edad;
        edad = Convert.ToInt32(Console.ReadLine());

        Console.WriteLine("Beinvenid@ " + nomape);
        //____________________________________________________________________

        Console.WriteLine("Ingresar producto ");
        producto = Convert.ToString(Console.ReadLine());

        Console.WriteLine("Cantidad");
        cantidad = Convert.ToInt32(Console.ReadLine());

        Console.WriteLine("Ingresar precio (bs)");
        precio = Convert.ToInt32(Console.ReadLine());

        if (precio > 2)
        {

            Console.WriteLine("desea continuar? ");
            Console.WriteLine("presisone 0 para NO, y 1 para SI");
            respu = Convert.ToInt32(Console.ReadLine());

            while (respu > 0)
            {

                if (respu == 1)
                {

                    Console.WriteLine("ingresar producto ");
                    producto = Convert.ToString(Console.ReadLine());

                    Console.WriteLine("Cantidad");
                    cantidad = Convert.ToInt32(Console.ReadLine());

                    Console.WriteLine("Ingresar Precio (Bs)");
                    precio = Convert.ToInt32(Console.ReadLine());

                    Console.WriteLine("Desea continuar? ");
                    Console.WriteLine("Presisone 0 para NO, y 1 para SI");
                    respu = Convert.ToInt32(Console.ReadLine());


                }
            }

            Compra objeto = new Compra();
            objeto.Iva = ivacom;
            objeto.Precio = precio;
            objeto.Totalfood = totalfood;
            objeto.Cantidad = cantidad;
            objeto.calcular();


            Console.WriteLine("el iva es de " + ivacom);
            Console.WriteLine("el total de su compra es " + objeto.Totalfood);



        }
        // ______________________________________________________________   
        else
        {


            Console.WriteLine("Ingrese Otro producto ");



        }

    }
    else
    {

        Console.WriteLine("La clave es incorrecta");



        while (contador < 4)
        {

            Console.Write("Introduzca de nuevo su clave numérica: ");
            intentos = Convert.ToInt32(Console.ReadLine());


            if (clave2 != intentos)
            {
                contador = contador + 1;

                if (contador == 3)

                {
                    Console.WriteLine("intentos superados");
                    break;

                }




            }
            else
            {

               
                    Console.WriteLine("Clave válida!");

                do
                {
                    Console.WriteLine("Por favor ingresar sus datos personales");
                    persona objet = new persona();
                    objet.Nomape = nomape;
                    Console.WriteLine("Ingresar Nombre y Apellido");
                    nomape = Console.ReadLine();


                    Console.WriteLine("Ingresar cedula");
                    objet.Cedula = cedula;
                    cedula = Convert.ToInt32(Console.ReadLine());

                    Console.WriteLine("Ingresar edad");
                    objet.Edad = edad;
                    edad = Convert.ToInt32(Console.ReadLine());

                    Console.WriteLine("Beinvenid@ " + nomape);
                    //____________________________________________________________________

                    Console.WriteLine("Ingresar producto ");
                    producto = Convert.ToString(Console.ReadLine());

                    Console.WriteLine("Cantidad");
                    cantidad = Convert.ToInt32(Console.ReadLine());

                    Console.WriteLine("Ingresar precio (bs)");
                    precio = Convert.ToInt32(Console.ReadLine());

                    if (precio > 2)
                    {

                        Console.WriteLine("desea continuar? ");
                        Console.WriteLine("presisone 0 para NO, y 1 para SI");
                        respu = Convert.ToInt32(Console.ReadLine());

                        while (respu > 0)
                        {

                            if (respu == 1)
                            {

                                Console.WriteLine("ingresar producto ");
                                producto = Convert.ToString(Console.ReadLine());

                                Console.WriteLine("Cantidad");
                                cantidad = Convert.ToInt32(Console.ReadLine());

                                Console.WriteLine("Ingresar Precio (Bs)");
                                precio = Convert.ToInt32(Console.ReadLine());

                                Console.WriteLine("Desea continuar? ");
                                Console.WriteLine("Presisone 0 para NO, y 1 para SI");
                                respu = Convert.ToInt32(Console.ReadLine());

                            }

                        }

                        Compra objeto = new Compra();
                        objeto.Iva = ivacom;
                        objeto.Precio = precio;
                        objeto.Totalfood = totalfood;
                        objeto.Cantidad = cantidad;
                        objeto.calcular();


                        Console.WriteLine("el iva es de " + ivacom);
                        Console.WriteLine("el total de su compra es " + objeto.Totalfood);
                         


                    }
                    // ______________________________________________________________   
                    else
                    {

                        Console.WriteLine("Ingrese Otro producto ");

                    }





                Console.WriteLine("si desea salir del programa presione 0,Si desea continuar escriba 1");
                Dato = Convert.ToInt32(Console.ReadLine());



                 } while (Dato != 0);
                   break;



            } 
            Console.Clear()
;            break;
            

        }


    }

    Console.WriteLine("si desea salir del programa presione 0,Si desea continuar escriba 1");
    Dato = Convert.ToInt32(Console.ReadLine());


} while (Dato != 0);
 



